
Microsoft Visual Studio Solution File, Format Version 12.00
# Visual Studio Version 17
VisualStudioVersion = 17.11.35312.102
MinimumVisualStudioVersion = 10.0.40219.1
Project("{2150E333-8FDC-42A3-9474-1A3956D46DE8}") = "Task0", "Task0", "{C4775D61-66C3-4D63-9D84-B5AFCFBD7FC2}"
EndProject
Project("{9A19103F-16F7-4668-BE54-9A1E7A4F7556}") = "Tyuiu.ShabalinaYP.Sprint1.Task0.V15", "Tyuiu.ShabalinaYP.Sprint1.Task0.V15\Tyuiu.ShabalinaYP.Sprint1.Task0.V15.csproj", "{1CC62A83-F23B-4EF0-8DCE-8B3AFE88B64F}"
EndProject
Project("{9A19103F-16F7-4668-BE54-9A1E7A4F7556}") = "Tyuiu.ShabalinaYP.Sprint1.Task0.V15.Lib", "Tyuiu.ShabalinaYP.Sprint1.Task0.V15.Lib\Tyuiu.ShabalinaYP.Sprint1.Task0.V15.Lib.csproj", "{8C8314CD-1764-47EC-8C92-1D212253D96E}"
EndProject
Project("{9A19103F-16F7-4668-BE54-9A1E7A4F7556}") = "Tyuiu.ShabalinaYP.Sprint1.Task0.V15.Test", "Tyuiu.ShabalinaYP.Sprint1.Task0.V15.Test\Tyuiu.ShabalinaYP.Sprint1.Task0.V15.Test.csproj", "{FDEF9FF2-B015-46F0-9341-05BADEF41502}"
EndProject
Project("{2150E333-8FDC-42A3-9474-1A3956D46DE8}") = "Task1", "Task1", "{756AC028-0AC5-4B98-AB13-5D2634B17779}"
EndProject
Project("{9A19103F-16F7-4668-BE54-9A1E7A4F7556}") = "Tyuiu.ShabalinaYP.Sprint1.Task1.V25", "Tyuiu.ShabalinaYP.Sprint1.Task1.V25\Tyuiu.ShabalinaYP.Sprint1.Task1.V25.csproj", "{2D6548E7-DFEF-475E-B717-125B399A3F2E}"
EndProject
Project("{9A19103F-16F7-4668-BE54-9A1E7A4F7556}") = "Tyuiu.ShabalinaYP.Sprint1.Task1.V25.Lib", "Tyuiu.ShabalinaYP.Sprint1.Task1.V25.Lib\Tyuiu.ShabalinaYP.Sprint1.Task1.V25.Lib.csproj", "{55DA42AA-BDD4-4BC1-BD02-5317224545DA}"
EndProject
Project("{9A19103F-16F7-4668-BE54-9A1E7A4F7556}") = "Tyuiu.ShabalinaYP.Sprint1.Task1.V25.Test", "Tyuiu.ShabalinaYP.Sprint1.Task1.V25.Test\Tyuiu.ShabalinaYP.Sprint1.Task1.V25.Test.csproj", "{A105C603-5844-452C-B078-0DDB81411CC7}"
EndProject
Project("{2150E333-8FDC-42A3-9474-1A3956D46DE8}") = "Task2", "Task2", "{C1B48C7E-442E-4086-80B1-FEDF4EA736D5}"
EndProject
Project("{9A19103F-16F7-4668-BE54-9A1E7A4F7556}") = "Tyuiu.ShabalinaYP.Sprint1.Task2.V12", "Tyuiu.ShabalinaYP.Sprint1.Task2.V12\Tyuiu.ShabalinaYP.Sprint1.Task2.V12.csproj", "{D960929D-068C-4895-87DA-317803419A30}"
EndProject
Project("{9A19103F-16F7-4668-BE54-9A1E7A4F7556}") = "Tyuiu.ShabalinaYP.Sprint1.Task2.V12.Lib", "Tyuiu.ShabalinaYP.Sprint1.Task2.V12.Lib\Tyuiu.ShabalinaYP.Sprint1.Task2.V12.Lib.csproj", "{35CB6406-9E6A-4A8E-887C-7E21789EE619}"
EndProject
Project("{9A19103F-16F7-4668-BE54-9A1E7A4F7556}") = "Tyuiu.ShabalinaYP.Sprint1.Task2.V12.Test", "Tyuiu.ShabalinaYP.Sprint1.Task2.V12.Test\Tyuiu.ShabalinaYP.Sprint1.Task2.V12.Test.csproj", "{AD65CD0C-AB64-4493-AE45-677892A9045E}"
EndProject
Project("{2150E333-8FDC-42A3-9474-1A3956D46DE8}") = "Task3", "Task3", "{9ECFF627-67ED-4CC5-9E07-C56DA038973E}"
EndProject
Project("{9A19103F-16F7-4668-BE54-9A1E7A4F7556}") = "Tyuiu.ShabalinaYP.Sprint1.Task3.V10", "Tyuiu.ShabalinaYP.Sprint1.Task3.V10\Tyuiu.ShabalinaYP.Sprint1.Task3.V10.csproj", "{157297BD-0145-4D49-9F57-DE7E59454FCF}"
EndProject
Project("{9A19103F-16F7-4668-BE54-9A1E7A4F7556}") = "Tyuiu.ShabalinaYP.Sprint1.Task3.V10.Lib", "Tyuiu.ShabalinaYP.Sprint1.Task3.V10.Lib\Tyuiu.ShabalinaYP.Sprint1.Task3.V10.Lib.csproj", "{1DC264CE-096B-4DB8-A926-83E643AF105D}"
EndProject
Project("{9A19103F-16F7-4668-BE54-9A1E7A4F7556}") = "Tyuiu.ShabalinaYP.Sprint1.Task3.V10.Test", "Tyuiu.ShabalinaYP.Sprint1.Task3.V10.Test\Tyuiu.ShabalinaYP.Sprint1.Task3.V10.Test.csproj", "{088F61C3-D7CE-4367-8386-93C6FAA87E15}"
EndProject
Project("{2150E333-8FDC-42A3-9474-1A3956D46DE8}") = "Task4", "Task4", "{3CD3C519-E37D-4431-862B-9B66D986F6BB}"
EndProject
Project("{9A19103F-16F7-4668-BE54-9A1E7A4F7556}") = "Tyuiu.ShabalinaYP.Sprint1.Task4.V5", "Tyuiu.ShabalinaYP.Sprint1.Task4.V5\Tyuiu.ShabalinaYP.Sprint1.Task4.V5.csproj", "{D116EB22-F75C-4D4F-BE57-47814F34B007}"
EndProject
Project("{9A19103F-16F7-4668-BE54-9A1E7A4F7556}") = "Tyuiu.ShabalinaYP.Sprint1.Task4.V5.Lib", "Tyuiu.ShabalinaYP.Sprint1.Task4.V5.Lib\Tyuiu.ShabalinaYP.Sprint1.Task4.V5.Lib.csproj", "{1961C0AF-691C-4E20-8B3F-CF72CD164F5B}"
EndProject
Project("{9A19103F-16F7-4668-BE54-9A1E7A4F7556}") = "Tyuiu.ShabalinaYP.Sprint1.Task4.V5.Test", "Tyuiu.ShabalinaYP.Sprint1.Task4.V5.Test\Tyuiu.ShabalinaYP.Sprint1.Task4.V5.Test.csproj", "{B498FC1B-1E6A-49F0-A1A2-875DAF304389}"
EndProject
Project("{2150E333-8FDC-42A3-9474-1A3956D46DE8}") = "Task5", "Task5", "{D4D13CF5-FA26-4372-AF8B-C827FC501A38}"
EndProject
Project("{FAE04EC0-301F-11D3-BF4B-00C04F79EFBC}") = "Tyuiu.ShabalinaYP.Sprint1.Task5.V5", "Tyuiu.ShabalinaYP.Sprint1.Task5.V5\Tyuiu.ShabalinaYP.Sprint1.Task5.V5.csproj", "{FB647236-A701-406A-BE65-F47984A15D87}"
EndProject
Project("{FAE04EC0-301F-11D3-BF4B-00C04F79EFBC}") = "Tyuiu.ShabalinaYP.Sprint1.Task5.V5.Lib", "Tyuiu.ShabalinaYP.Sprint1.Task5.V5.Lib\Tyuiu.ShabalinaYP.Sprint1.Task5.V5.Lib.csproj", "{1D688455-BFFD-40E0-96BA-A218B3DD053C}"
EndProject
Project("{FAE04EC0-301F-11D3-BF4B-00C04F79EFBC}") = "Tyuiu.ShabalinaYP.Sprint1.Task5.V5.Test", "Tyuiu.ShabalinaYP.Sprint1.Task5.V5.Test\Tyuiu.ShabalinaYP.Sprint1.Task5.V5.Test.csproj", "{621FF835-C798-474D-882D-7A34F5AF894E}"
EndProject
Project("{2150E333-8FDC-42A3-9474-1A3956D46DE8}") = "Task6", "Task6", "{A11A4C6E-3139-4FAE-A200-C1D67861662E}"
EndProject
Project("{FAE04EC0-301F-11D3-BF4B-00C04F79EFBC}") = "Tyuiu.ShabalinaYP.Sprint1.Task6.V16", "Tyuiu.ShabalinaYP.Sprint1.Task6.V16\Tyuiu.ShabalinaYP.Sprint1.Task6.V16.csproj", "{405767B7-A843-47F5-AE67-76FACEB0B748}"
EndProject
Project("{FAE04EC0-301F-11D3-BF4B-00C04F79EFBC}") = "Tyuiu.ShabalinaYP.Sprint1.Task6.V16.Lib", "Tyuiu.ShabalinaYP.Sprint1.Task6.V16.Lib\Tyuiu.ShabalinaYP.Sprint1.Task6.V16.Lib.csproj", "{7204F78F-D441-4EC4-B84D-BACF9E8F7DF3}"
EndProject
Project("{FAE04EC0-301F-11D3-BF4B-00C04F79EFBC}") = "Tyuiu.ShabalinaYP.Sprint1.Task6.V16.Test", "Tyuiu.ShabalinaYP.Sprint1.Task6.V16.Test\Tyuiu.ShabalinaYP.Sprint1.Task6.V16.Test.csproj", "{861EF30E-1879-45A3-AE85-138D0158414B}"
EndProject
Global
	GlobalSection(SolutionConfigurationPlatforms) = preSolution
		Debug|Any CPU = Debug|Any CPU
		Release|Any CPU = Release|Any CPU
	EndGlobalSection
	GlobalSection(ProjectConfigurationPlatforms) = postSolution
		{1CC62A83-F23B-4EF0-8DCE-8B3AFE88B64F}.Debug|Any CPU.ActiveCfg = Debug|Any CPU
		{1CC62A83-F23B-4EF0-8DCE-8B3AFE88B64F}.Debug|Any CPU.Build.0 = Debug|Any CPU
		{1CC62A83-F23B-4EF0-8DCE-8B3AFE88B64F}.Release|Any CPU.ActiveCfg = Release|Any CPU
		{1CC62A83-F23B-4EF0-8DCE-8B3AFE88B64F}.Release|Any CPU.Build.0 = Release|Any CPU
		{8C8314CD-1764-47EC-8C92-1D212253D96E}.Debug|Any CPU.ActiveCfg = Debug|Any CPU
		{8C8314CD-1764-47EC-8C92-1D212253D96E}.Debug|Any CPU.Build.0 = Debug|Any CPU
		{8C8314CD-1764-47EC-8C92-1D212253D96E}.Release|Any CPU.ActiveCfg = Release|Any CPU
		{8C8314CD-1764-47EC-8C92-1D212253D96E}.Release|Any CPU.Build.0 = Release|Any CPU
		{FDEF9FF2-B015-46F0-9341-05BADEF41502}.Debug|Any CPU.ActiveCfg = Debug|Any CPU
		{FDEF9FF2-B015-46F0-9341-05BADEF41502}.Debug|Any CPU.Build.0 = Debug|Any CPU
		{FDEF9FF2-B015-46F0-9341-05BADEF41502}.Release|Any CPU.ActiveCfg = Release|Any CPU
		{FDEF9FF2-B015-46F0-9341-05BADEF41502}.Release|Any CPU.Build.0 = Release|Any CPU
		{2D6548E7-DFEF-475E-B717-125B399A3F2E}.Debug|Any CPU.ActiveCfg = Debug|Any CPU
		{2D6548E7-DFEF-475E-B717-125B399A3F2E}.Debug|Any CPU.Build.0 = Debug|Any CPU
		{2D6548E7-DFEF-475E-B717-125B399A3F2E}.Release|Any CPU.ActiveCfg = Release|Any CPU
		{2D6548E7-DFEF-475E-B717-125B399A3F2E}.Release|Any CPU.Build.0 = Release|Any CPU
		{55DA42AA-BDD4-4BC1-BD02-5317224545DA}.Debug|Any CPU.ActiveCfg = Debug|Any CPU
		{55DA42AA-BDD4-4BC1-BD02-5317224545DA}.Debug|Any CPU.Build.0 = Debug|Any CPU
		{55DA42AA-BDD4-4BC1-BD02-5317224545DA}.Release|Any CPU.ActiveCfg = Release|Any CPU
		{55DA42AA-BDD4-4BC1-BD02-5317224545DA}.Release|Any CPU.Build.0 = Release|Any CPU
		{A105C603-5844-452C-B078-0DDB81411CC7}.Debug|Any CPU.ActiveCfg = Debug|Any CPU
		{A105C603-5844-452C-B078-0DDB81411CC7}.Debug|Any CPU.Build.0 = Debug|Any CPU
		{A105C603-5844-452C-B078-0DDB81411CC7}.Release|Any CPU.ActiveCfg = Release|Any CPU
		{A105C603-5844-452C-B078-0DDB81411CC7}.Release|Any CPU.Build.0 = Release|Any CPU
		{D960929D-068C-4895-87DA-317803419A30}.Debug|Any CPU.ActiveCfg = Debug|Any CPU
		{D960929D-068C-4895-87DA-317803419A30}.Debug|Any CPU.Build.0 = Debug|Any CPU
		{D960929D-068C-4895-87DA-317803419A30}.Release|Any CPU.ActiveCfg = Release|Any CPU
		{D960929D-068C-4895-87DA-317803419A30}.Release|Any CPU.Build.0 = Release|Any CPU
		{35CB6406-9E6A-4A8E-887C-7E21789EE619}.Debug|Any CPU.ActiveCfg = Debug|Any CPU
		{35CB6406-9E6A-4A8E-887C-7E21789EE619}.Debug|Any CPU.Build.0 = Debug|Any CPU
		{35CB6406-9E6A-4A8E-887C-7E21789EE619}.Release|Any CPU.ActiveCfg = Release|Any CPU
		{35CB6406-9E6A-4A8E-887C-7E21789EE619}.Release|Any CPU.Build.0 = Release|Any CPU
		{AD65CD0C-AB64-4493-AE45-677892A9045E}.Debug|Any CPU.ActiveCfg = Debug|Any CPU
		{AD65CD0C-AB64-4493-AE45-677892A9045E}.Debug|Any CPU.Build.0 = Debug|Any CPU
		{AD65CD0C-AB64-4493-AE45-677892A9045E}.Release|Any CPU.ActiveCfg = Release|Any CPU
		{AD65CD0C-AB64-4493-AE45-677892A9045E}.Release|Any CPU.Build.0 = Release|Any CPU
		{157297BD-0145-4D49-9F57-DE7E59454FCF}.Debug|Any CPU.ActiveCfg = Debug|Any CPU
		{157297BD-0145-4D49-9F57-DE7E59454FCF}.Debug|Any CPU.Build.0 = Debug|Any CPU
		{157297BD-0145-4D49-9F57-DE7E59454FCF}.Release|Any CPU.ActiveCfg = Release|Any CPU
		{157297BD-0145-4D49-9F57-DE7E59454FCF}.Release|Any CPU.Build.0 = Release|Any CPU
		{1DC264CE-096B-4DB8-A926-83E643AF105D}.Debug|Any CPU.ActiveCfg = Debug|Any CPU
		{1DC264CE-096B-4DB8-A926-83E643AF105D}.Debug|Any CPU.Build.0 = Debug|Any CPU
		{1DC264CE-096B-4DB8-A926-83E643AF105D}.Release|Any CPU.ActiveCfg = Release|Any CPU
		{1DC264CE-096B-4DB8-A926-83E643AF105D}.Release|Any CPU.Build.0 = Release|Any CPU
		{088F61C3-D7CE-4367-8386-93C6FAA87E15}.Debug|Any CPU.ActiveCfg = Debug|Any CPU
		{088F61C3-D7CE-4367-8386-93C6FAA87E15}.Debug|Any CPU.Build.0 = Debug|Any CPU
		{088F61C3-D7CE-4367-8386-93C6FAA87E15}.Release|Any CPU.ActiveCfg = Release|Any CPU
		{088F61C3-D7CE-4367-8386-93C6FAA87E15}.Release|Any CPU.Build.0 = Release|Any CPU
		{D116EB22-F75C-4D4F-BE57-47814F34B007}.Debug|Any CPU.ActiveCfg = Debug|Any CPU
		{D116EB22-F75C-4D4F-BE57-47814F34B007}.Debug|Any CPU.Build.0 = Debug|Any CPU
		{D116EB22-F75C-4D4F-BE57-47814F34B007}.Release|Any CPU.ActiveCfg = Release|Any CPU
		{D116EB22-F75C-4D4F-BE57-47814F34B007}.Release|Any CPU.Build.0 = Release|Any CPU
		{1961C0AF-691C-4E20-8B3F-CF72CD164F5B}.Debug|Any CPU.ActiveCfg = Debug|Any CPU
		{1961C0AF-691C-4E20-8B3F-CF72CD164F5B}.Debug|Any CPU.Build.0 = Debug|Any CPU
		{1961C0AF-691C-4E20-8B3F-CF72CD164F5B}.Release|Any CPU.ActiveCfg = Release|Any CPU
		{1961C0AF-691C-4E20-8B3F-CF72CD164F5B}.Release|Any CPU.Build.0 = Release|Any CPU
		{B498FC1B-1E6A-49F0-A1A2-875DAF304389}.Debug|Any CPU.ActiveCfg = Debug|Any CPU
		{B498FC1B-1E6A-49F0-A1A2-875DAF304389}.Debug|Any CPU.Build.0 = Debug|Any CPU
		{B498FC1B-1E6A-49F0-A1A2-875DAF304389}.Release|Any CPU.ActiveCfg = Release|Any CPU
		{B498FC1B-1E6A-49F0-A1A2-875DAF304389}.Release|Any CPU.Build.0 = Release|Any CPU
		{FB647236-A701-406A-BE65-F47984A15D87}.Debug|Any CPU.ActiveCfg = Debug|Any CPU
		{FB647236-A701-406A-BE65-F47984A15D87}.Debug|Any CPU.Build.0 = Debug|Any CPU
		{FB647236-A701-406A-BE65-F47984A15D87}.Release|Any CPU.ActiveCfg = Release|Any CPU
		{FB647236-A701-406A-BE65-F47984A15D87}.Release|Any CPU.Build.0 = Release|Any CPU
		{1D688455-BFFD-40E0-96BA-A218B3DD053C}.Debug|Any CPU.ActiveCfg = Debug|Any CPU
		{1D688455-BFFD-40E0-96BA-A218B3DD053C}.Debug|Any CPU.Build.0 = Debug|Any CPU
		{1D688455-BFFD-40E0-96BA-A218B3DD053C}.Release|Any CPU.ActiveCfg = Release|Any CPU
		{1D688455-BFFD-40E0-96BA-A218B3DD053C}.Release|Any CPU.Build.0 = Release|Any CPU
		{621FF835-C798-474D-882D-7A34F5AF894E}.Debug|Any CPU.ActiveCfg = Debug|Any CPU
		{621FF835-C798-474D-882D-7A34F5AF894E}.Debug|Any CPU.Build.0 = Debug|Any CPU
		{621FF835-C798-474D-882D-7A34F5AF894E}.Release|Any CPU.ActiveCfg = Release|Any CPU
		{621FF835-C798-474D-882D-7A34F5AF894E}.Release|Any CPU.Build.0 = Release|Any CPU
		{405767B7-A843-47F5-AE67-76FACEB0B748}.Debug|Any CPU.ActiveCfg = Debug|Any CPU
		{405767B7-A843-47F5-AE67-76FACEB0B748}.Debug|Any CPU.Build.0 = Debug|Any CPU
		{405767B7-A843-47F5-AE67-76FACEB0B748}.Release|Any CPU.ActiveCfg = Release|Any CPU
		{405767B7-A843-47F5-AE67-76FACEB0B748}.Release|Any CPU.Build.0 = Release|Any CPU
		{7204F78F-D441-4EC4-B84D-BACF9E8F7DF3}.Debug|Any CPU.ActiveCfg = Debug|Any CPU
		{7204F78F-D441-4EC4-B84D-BACF9E8F7DF3}.Debug|Any CPU.Build.0 = Debug|Any CPU
		{7204F78F-D441-4EC4-B84D-BACF9E8F7DF3}.Release|Any CPU.ActiveCfg = Release|Any CPU
		{7204F78F-D441-4EC4-B84D-BACF9E8F7DF3}.Release|Any CPU.Build.0 = Release|Any CPU
		{861EF30E-1879-45A3-AE85-138D0158414B}.Debug|Any CPU.ActiveCfg = Debug|Any CPU
		{861EF30E-1879-45A3-AE85-138D0158414B}.Debug|Any CPU.Build.0 = Debug|Any CPU
		{861EF30E-1879-45A3-AE85-138D0158414B}.Release|Any CPU.ActiveCfg = Release|Any CPU
		{861EF30E-1879-45A3-AE85-138D0158414B}.Release|Any CPU.Build.0 = Release|Any CPU
	EndGlobalSection
	GlobalSection(SolutionProperties) = preSolution
		HideSolutionNode = FALSE
	EndGlobalSection
	GlobalSection(NestedProjects) = preSolution
		{1CC62A83-F23B-4EF0-8DCE-8B3AFE88B64F} = {C4775D61-66C3-4D63-9D84-B5AFCFBD7FC2}
		{8C8314CD-1764-47EC-8C92-1D212253D96E} = {C4775D61-66C3-4D63-9D84-B5AFCFBD7FC2}
		{FDEF9FF2-B015-46F0-9341-05BADEF41502} = {C4775D61-66C3-4D63-9D84-B5AFCFBD7FC2}
		{2D6548E7-DFEF-475E-B717-125B399A3F2E} = {756AC028-0AC5-4B98-AB13-5D2634B17779}
		{55DA42AA-BDD4-4BC1-BD02-5317224545DA} = {756AC028-0AC5-4B98-AB13-5D2634B17779}
		{A105C603-5844-452C-B078-0DDB81411CC7} = {756AC028-0AC5-4B98-AB13-5D2634B17779}
		{D960929D-068C-4895-87DA-317803419A30} = {C1B48C7E-442E-4086-80B1-FEDF4EA736D5}
		{35CB6406-9E6A-4A8E-887C-7E21789EE619} = {C1B48C7E-442E-4086-80B1-FEDF4EA736D5}
		{AD65CD0C-AB64-4493-AE45-677892A9045E} = {C1B48C7E-442E-4086-80B1-FEDF4EA736D5}
		{157297BD-0145-4D49-9F57-DE7E59454FCF} = {9ECFF627-67ED-4CC5-9E07-C56DA038973E}
		{1DC264CE-096B-4DB8-A926-83E643AF105D} = {9ECFF627-67ED-4CC5-9E07-C56DA038973E}
		{088F61C3-D7CE-4367-8386-93C6FAA87E15} = {9ECFF627-67ED-4CC5-9E07-C56DA038973E}
		{D116EB22-F75C-4D4F-BE57-47814F34B007} = {3CD3C519-E37D-4431-862B-9B66D986F6BB}
		{1961C0AF-691C-4E20-8B3F-CF72CD164F5B} = {3CD3C519-E37D-4431-862B-9B66D986F6BB}
		{B498FC1B-1E6A-49F0-A1A2-875DAF304389} = {3CD3C519-E37D-4431-862B-9B66D986F6BB}
		{FB647236-A701-406A-BE65-F47984A15D87} = {D4D13CF5-FA26-4372-AF8B-C827FC501A38}
		{1D688455-BFFD-40E0-96BA-A218B3DD053C} = {D4D13CF5-FA26-4372-AF8B-C827FC501A38}
		{621FF835-C798-474D-882D-7A34F5AF894E} = {D4D13CF5-FA26-4372-AF8B-C827FC501A38}
		{405767B7-A843-47F5-AE67-76FACEB0B748} = {A11A4C6E-3139-4FAE-A200-C1D67861662E}
		{7204F78F-D441-4EC4-B84D-BACF9E8F7DF3} = {A11A4C6E-3139-4FAE-A200-C1D67861662E}
		{861EF30E-1879-45A3-AE85-138D0158414B} = {A11A4C6E-3139-4FAE-A200-C1D67861662E}
	EndGlobalSection
	GlobalSection(ExtensibilityGlobals) = postSolution
		SolutionGuid = {2943289E-DBF2-40FC-AA5E-362A9B82E48C}
	EndGlobalSection
EndGlobal
